<?xml version="1.0" encoding="utf-8"?>
<Project ToolsVersion="4.0" xmlns="http://schemas.microsoft.com/developer/msbuild/2003">
  <ItemGroup>
    <Filter Include="Source Files">
      <UniqueIdentifier>{E9C7FDCE-D52A-8D73-7EB0-C5296AF258F6}</UniqueIdentifier>
    </Filter>
  </ItemGroup>
  <ItemGroup>
    <ClCompile Include="Main.cpp">
      <Filter>Source Files</Filter>
    </ClCompile>
    <ClCompile Include="Constants.cpp" />
    <ClCompile Include="Sprite.cpp" />
    <ClCompile Include="Segment.cpp" />
    <ClCompile Include="Serpent.cpp" />
    <ClCompile Include="GestionTexture.cpp" />
    <ClCompile Include="Tile.cpp" />
    <ClCompile Include="Tilemap.cpp" />
    <ClCompile Include="EtatJeu.cpp" />
    <ClCompile Include="EtatMenu.cpp" />
    <ClCompile Include="EtatGameover.cpp" />
  </ItemGroup>
  <ItemGroup>
    <ClInclude Include="Constants.h" />
    <ClInclude Include="Sprite.h" />
    <ClInclude Include="Segment.h" />
    <ClInclude Include="Serpent.h" />
    <ClInclude Include="GestionTexture.h" />
    <ClInclude Include="Tile.h" />
    <ClInclude Include="Tilemap.h" />
    <ClInclude Include="Etat.h" />
    <ClInclude Include="EtatJeu.h" />
    <ClInclude Include="EtatMenu.h" />
    <ClInclude Include="EtatGameover.h" />
  </ItemGroup>
</Project>